
Microsoft Visual Studio Solution File, Format Version 12.00
# Visual Studio Version 16
VisualStudioVersion = 16.0.30717.126
MinimumVisualStudioVersion = 10.0.40219.1
Project("{FAE04EC0-301F-11D3-BF4B-00C04F79EFBC}") = "DesigningPatterns", "DesigningPatterns.csproj", "{B499599D-04B9-4A2C-B874-D7147B88765D}"
EndProject
Global
	GlobalSection(SolutionConfigurationPlatforms) = preSolution
		Debug|Any CPU = Debug|Any CPU
		Release|Any CPU = Release|Any CPU
	EndGlobalSection
	GlobalSection(ProjectConfigurationPlatforms) = postSolution
		{B499599D-04B9-4A2C-B874-D7147B88765D}.Debug|Any CPU.ActiveCfg = Debug|Any CPU
		{B499599D-04B9-4A2C-B874-D7147B88765D}.Debug|Any CPU.Build.0 = Debug|Any CPU
		{B499599D-04B9-4A2C-B874-D7147B88765D}.Release|Any CPU.ActiveCfg = Release|Any CPU
		{B499599D-04B9-4A2C-B874-D7147B88765D}.Release|Any CPU.Build.0 = Release|Any CPU
	EndGlobalSection
	GlobalSection(SolutionProperties) = preSolution
		HideSolutionNode = FALSE
	EndGlobalSection
	GlobalSection(ExtensibilityGlobals) = postSolution
		SolutionGuid = {48D5B7EC-92D5-4C12-B3A2-D8755616D9E8}
	EndGlobalSection
EndGlobal
